
Microsoft Visual Studio Solution File, Format Version 12.00
# Visual Studio Version 17
VisualStudioVersion = 17.8.34525.116
MinimumVisualStudioVersion = 10.0.40219.1
Project("{9A19103F-16F7-4668-BE54-9A1E7A4F7556}") = "PasswordManager.API", "PasswordManager.API.csproj", "{1ABE0E89-A2C0-4810-8F11-014D24D64BD3}"
EndProject
Project("{2150E333-8FDC-42A3-9474-1A3956D46DE8}") = "Main", "Main", "{D6DE2638-B6D4-425E-86B2-717FD5A0DB4C}"
EndProject
Project("{2150E333-8FDC-42A3-9474-1A3956D46DE8}") = "Test", "Test", "{009FE6A8-7008-4502-8C91-374C21FB96FC}"
EndProject
Project("{9A19103F-16F7-4668-BE54-9A1E7A4F7556}") = "PasswordManager.Application", "..\PasswordManager.Application\PasswordManager.Application.csproj", "{C073C633-0B68-4F1A-B68F-D3D85D6E387D}"
EndProject
Project("{9A19103F-16F7-4668-BE54-9A1E7A4F7556}") = "PasswordManager.Domain", "..\PasswordManager.Domain\PasswordManager.Domain.csproj", "{8B482F80-5374-47DE-BA0A-A08EF61ED024}"
EndProject
Project("{9A19103F-16F7-4668-BE54-9A1E7A4F7556}") = "PasswordManager.Infrastructure", "..\PasswordManager.Infrastructure\PasswordManager.Infrastructure.csproj", "{8AE5B563-F07C-48F6-90BA-D017EB7B5706}"
EndProject
Project("{FAE04EC0-301F-11D3-BF4B-00C04F79EFBC}") = "PasswordManager.Tests", "..\PasswordManager.Tests\PasswordManager.Tests.csproj", "{58D2B226-3226-4A2F-9D30-C8BB499FDBF8}"
EndProject
Global
	GlobalSection(SolutionConfigurationPlatforms) = preSolution
		Debug|Any CPU = Debug|Any CPU
		Release|Any CPU = Release|Any CPU
	EndGlobalSection
	GlobalSection(ProjectConfigurationPlatforms) = postSolution
		{1ABE0E89-A2C0-4810-8F11-014D24D64BD3}.Debug|Any CPU.ActiveCfg = Debug|Any CPU
		{1ABE0E89-A2C0-4810-8F11-014D24D64BD3}.Debug|Any CPU.Build.0 = Debug|Any CPU
		{1ABE0E89-A2C0-4810-8F11-014D24D64BD3}.Release|Any CPU.ActiveCfg = Release|Any CPU
		{1ABE0E89-A2C0-4810-8F11-014D24D64BD3}.Release|Any CPU.Build.0 = Release|Any CPU
		{C073C633-0B68-4F1A-B68F-D3D85D6E387D}.Debug|Any CPU.ActiveCfg = Debug|Any CPU
		{C073C633-0B68-4F1A-B68F-D3D85D6E387D}.Debug|Any CPU.Build.0 = Debug|Any CPU
		{C073C633-0B68-4F1A-B68F-D3D85D6E387D}.Release|Any CPU.ActiveCfg = Release|Any CPU
		{C073C633-0B68-4F1A-B68F-D3D85D6E387D}.Release|Any CPU.Build.0 = Release|Any CPU
		{8B482F80-5374-47DE-BA0A-A08EF61ED024}.Debug|Any CPU.ActiveCfg = Debug|Any CPU
		{8B482F80-5374-47DE-BA0A-A08EF61ED024}.Debug|Any CPU.Build.0 = Debug|Any CPU
		{8B482F80-5374-47DE-BA0A-A08EF61ED024}.Release|Any CPU.ActiveCfg = Release|Any CPU
		{8B482F80-5374-47DE-BA0A-A08EF61ED024}.Release|Any CPU.Build.0 = Release|Any CPU
		{8AE5B563-F07C-48F6-90BA-D017EB7B5706}.Debug|Any CPU.ActiveCfg = Debug|Any CPU
		{8AE5B563-F07C-48F6-90BA-D017EB7B5706}.Debug|Any CPU.Build.0 = Debug|Any CPU
		{8AE5B563-F07C-48F6-90BA-D017EB7B5706}.Release|Any CPU.ActiveCfg = Release|Any CPU
		{8AE5B563-F07C-48F6-90BA-D017EB7B5706}.Release|Any CPU.Build.0 = Release|Any CPU
		{58D2B226-3226-4A2F-9D30-C8BB499FDBF8}.Debug|Any CPU.ActiveCfg = Debug|Any CPU
		{58D2B226-3226-4A2F-9D30-C8BB499FDBF8}.Debug|Any CPU.Build.0 = Debug|Any CPU
		{58D2B226-3226-4A2F-9D30-C8BB499FDBF8}.Release|Any CPU.ActiveCfg = Release|Any CPU
		{58D2B226-3226-4A2F-9D30-C8BB499FDBF8}.Release|Any CPU.Build.0 = Release|Any CPU
	EndGlobalSection
	GlobalSection(SolutionProperties) = preSolution
		HideSolutionNode = FALSE
	EndGlobalSection
	GlobalSection(NestedProjects) = preSolution
		{1ABE0E89-A2C0-4810-8F11-014D24D64BD3} = {D6DE2638-B6D4-425E-86B2-717FD5A0DB4C}
		{C073C633-0B68-4F1A-B68F-D3D85D6E387D} = {D6DE2638-B6D4-425E-86B2-717FD5A0DB4C}
		{8B482F80-5374-47DE-BA0A-A08EF61ED024} = {D6DE2638-B6D4-425E-86B2-717FD5A0DB4C}
		{8AE5B563-F07C-48F6-90BA-D017EB7B5706} = {D6DE2638-B6D4-425E-86B2-717FD5A0DB4C}
		{58D2B226-3226-4A2F-9D30-C8BB499FDBF8} = {009FE6A8-7008-4502-8C91-374C21FB96FC}
	EndGlobalSection
	GlobalSection(ExtensibilityGlobals) = postSolution
		SolutionGuid = {23B71E01-5D47-47D8-9444-66C2EB798C4B}
	EndGlobalSection
EndGlobal
